# This file is automatically @generated by Poetry 1.6.1 and should not be changed by hand.

[[package]]
name = "my-rust"
version = "0.1.0"
description = ""
optional = false
python-versions = ">=3.10,<4.0"
files = [
    {file = "my_rust-0.1.0-cp310-cp310-macosx_13_0_arm64.whl", hash = "sha256:187a4e1fe2bb7adb4c6804f55ae38d198308a1b472e9a215ed4f00a677b0231f"},
]

[package.source]
type = "file"
url = "../test/my_rust-0.1.0-cp310-cp310-macosx_13_0_arm64.whl"

[metadata]
lock-version = "2.0"
python-versions = "^3.10"
content-hash = "4f7189c36de18b15690c7e3a66875c6f09f1fbad4c6243dffd61cdde88d91ce7"
